
Microsoft Visual Studio Solution File, Format Version 12.00
# Visual Studio Version 17
VisualStudioVersion = 17.7.34024.191
MinimumVisualStudioVersion = 10.0.40219.1
Project("{FAE04EC0-301F-11D3-BF4B-00C04F79EFBC}") = "DnD_CharacterSheet_MVC", "DnD_CharacterSheet_MVC.csproj", "{9DF2953B-3F0E-4D77-892B-4BD7BFAF433C}"
EndProject
Global
	GlobalSection(SolutionConfigurationPlatforms) = preSolution
		Debug|Any CPU = Debug|Any CPU
		Release|Any CPU = Release|Any CPU
	EndGlobalSection
	GlobalSection(ProjectConfigurationPlatforms) = postSolution
		{9DF2953B-3F0E-4D77-892B-4BD7BFAF433C}.Debug|Any CPU.ActiveCfg = Debug|Any CPU
		{9DF2953B-3F0E-4D77-892B-4BD7BFAF433C}.Debug|Any CPU.Build.0 = Debug|Any CPU
		{9DF2953B-3F0E-4D77-892B-4BD7BFAF433C}.Release|Any CPU.ActiveCfg = Release|Any CPU
		{9DF2953B-3F0E-4D77-892B-4BD7BFAF433C}.Release|Any CPU.Build.0 = Release|Any CPU
	EndGlobalSection
	GlobalSection(SolutionProperties) = preSolution
		HideSolutionNode = FALSE
	EndGlobalSection
	GlobalSection(ExtensibilityGlobals) = postSolution
		SolutionGuid = {51AEF4A7-09E9-41AD-BACC-52835FC5F73E}
	EndGlobalSection
EndGlobal
